github.com/google/go-cmp v0.5.5 h1:Khx7svrCpmxxtHBq5j2mp/xVjsi8hQMfNLvJFAlrGgU=
github.com/google/go-cmp v0.5.5/go.mod h1:v8dTdLbMG2kIc/vJvl+f65V22dbkXbowE6jgT/gNBxE=
github.com/hybridgroup/mjpeg v0.0.0-20140228234708-4680f319790e h1:xCcwD5FOXul+j1dn8xD16nbrhJkkum/Cn+jTd/u1LhY=
github.com/hybridgroup/mjpeg v0.0.0-20140228234708-4680f319790e/go.mod h1:eagM805MRKrioHYuU7iKLUyFPVKqVV6um5DAvCkUtXs=
github.com/wamuir/graft v0.5.0 h1:Kudtxde/fq/iPnCrXlsGWS6P9EnHEE94p62uxGzqlWM=
github.com/wamuir/graft v0.5.0/go.mod h1:+qbkZFJnxKOKUXOjIWQW+W5Bw0KU3JZYhMvlF4Fvtl8=
gocv.io/x/gocv v0.36.1 h1:6XkEaPOk7h/umjy+MXgSEtSeCIgcPJhccUjrJFhjdTY=
gocv.io/x/gocv v0.36.1/go.mod h1:lmS802zoQmnNvXETpmGriBqWrENPei2GxYx5KUxJsMA=
golang.org/x/xerrors v0.0.0-20191204190536-9bdfabe68543 h1:E7g+9GITq07hpfrRu66IVDexMakfv52eLZ2CXBWiKr4=
golang.org/x/xerrors v0.0.0-20191204190536-9bdfabe68543/go.mod h1:I/5z698sn9Ka8TeJc9MKroUUfqBBauWjQqLJ2OPfmY0=
google.golang.org/protobuf v1.32.0 h1:pPC6BG5ex8PDFnkbrGU3EixyhKcQ2aDuBS36lqK/C7I=
google.golang.org/protobuf v1.32.0/go.mod h1:c6P6GXX6sHbq/GpV6MGZEdwhWPcYBgnhAHhKbcUYpos=
